
Microsoft Visual Studio Solution File, Format Version 12.00
# Visual Studio Version 16
VisualStudioVersion = 16.0.32929.386
MinimumVisualStudioVersion = 10.0.40219.1
Project("{FAE04EC0-301F-11D3-BF4B-00C04F79EFBC}") = "aspnet-lista-de-tarefas", "aspnet-lista-de-tarefas\aspnet-lista-de-tarefas.csproj", "{716EE013-9B1D-4DD1-ADDA-745144FADF5F}"
EndProject
Global
	GlobalSection(SolutionConfigurationPlatforms) = preSolution
		Debug|Any CPU = Debug|Any CPU
		Release|Any CPU = Release|Any CPU
	EndGlobalSection
	GlobalSection(ProjectConfigurationPlatforms) = postSolution
		{716EE013-9B1D-4DD1-ADDA-745144FADF5F}.Debug|Any CPU.ActiveCfg = Debug|Any CPU
		{716EE013-9B1D-4DD1-ADDA-745144FADF5F}.Debug|Any CPU.Build.0 = Debug|Any CPU
		{716EE013-9B1D-4DD1-ADDA-745144FADF5F}.Release|Any CPU.ActiveCfg = Release|Any CPU
		{716EE013-9B1D-4DD1-ADDA-745144FADF5F}.Release|Any CPU.Build.0 = Release|Any CPU
	EndGlobalSection
	GlobalSection(SolutionProperties) = preSolution
		HideSolutionNode = FALSE
	EndGlobalSection
	GlobalSection(ExtensibilityGlobals) = postSolution
		SolutionGuid = {88DA455F-7BE0-4C5E-A34F-4D501329098A}
	EndGlobalSection
EndGlobal
